
Microsoft Visual Studio Solution File, Format Version 12.00
# Visual Studio Version 17
VisualStudioVersion = 17.12.35527.113
MinimumVisualStudioVersion = 10.0.40219.1
Project("{FAE04EC0-301F-11D3-BF4B-00C04F79EFBC}") = "Kiểm tra đối xứng", "Kiểm tra số nguyên tố\Kiểm tra đối xứng.csproj", "{8C0C776A-8D20-480A-90B2-6AF822F51F3B}"
EndProject
Global
	GlobalSection(SolutionConfigurationPlatforms) = preSolution
		Debug|Any CPU = Debug|Any CPU
		Release|Any CPU = Release|Any CPU
	EndGlobalSection
	GlobalSection(ProjectConfigurationPlatforms) = postSolution
		{8C0C776A-8D20-480A-90B2-6AF822F51F3B}.Debug|Any CPU.ActiveCfg = Debug|Any CPU
		{8C0C776A-8D20-480A-90B2-6AF822F51F3B}.Debug|Any CPU.Build.0 = Debug|Any CPU
		{8C0C776A-8D20-480A-90B2-6AF822F51F3B}.Release|Any CPU.ActiveCfg = Release|Any CPU
		{8C0C776A-8D20-480A-90B2-6AF822F51F3B}.Release|Any CPU.Build.0 = Release|Any CPU
	EndGlobalSection
	GlobalSection(SolutionProperties) = preSolution
		HideSolutionNode = FALSE
	EndGlobalSection
EndGlobal
